
Microsoft Visual Studio Solution File, Format Version 12.00
# Visual Studio Version 16
VisualStudioVersion = 16.0.33214.272
MinimumVisualStudioVersion = 10.0.40219.1
Project("{FAE04EC0-301F-11D3-BF4B-00C04F79EFBC}") = "Mission3SourceControl", "Mission3SourceControl\Mission3SourceControl.csproj", "{B9270C2E-40C4-4E41-B97F-F14C97F80FE4}"
EndProject
Global
	GlobalSection(SolutionConfigurationPlatforms) = preSolution
		Debug|Any CPU = Debug|Any CPU
		Release|Any CPU = Release|Any CPU
	EndGlobalSection
	GlobalSection(ProjectConfigurationPlatforms) = postSolution
		{B9270C2E-40C4-4E41-B97F-F14C97F80FE4}.Debug|Any CPU.ActiveCfg = Debug|Any CPU
		{B9270C2E-40C4-4E41-B97F-F14C97F80FE4}.Debug|Any CPU.Build.0 = Debug|Any CPU
		{B9270C2E-40C4-4E41-B97F-F14C97F80FE4}.Release|Any CPU.ActiveCfg = Release|Any CPU
		{B9270C2E-40C4-4E41-B97F-F14C97F80FE4}.Release|Any CPU.Build.0 = Release|Any CPU
	EndGlobalSection
	GlobalSection(SolutionProperties) = preSolution
		HideSolutionNode = FALSE
	EndGlobalSection
	GlobalSection(ExtensibilityGlobals) = postSolution
		SolutionGuid = {5008EF13-9BE4-490D-90B4-1D0E554B2386}
	EndGlobalSection
EndGlobal
